
Microsoft Visual Studio Solution File, Format Version 12.00
# Visual Studio Version 16
VisualStudioVersion = 16.0.31129.286
MinimumVisualStudioVersion = 10.0.40219.1
Project("{FAE04EC0-301F-11D3-BF4B-00C04F79EFBC}") = "ConanExilesModlistManager", "ConanExilesModlistManager.csproj", "{428909A3-84E8-4168-94D1-70143293C568}"
EndProject
Global
	GlobalSection(SolutionConfigurationPlatforms) = preSolution
		Debug|Any CPU = Debug|Any CPU
		Release|Any CPU = Release|Any CPU
	EndGlobalSection
	GlobalSection(ProjectConfigurationPlatforms) = postSolution
		{428909A3-84E8-4168-94D1-70143293C568}.Debug|Any CPU.ActiveCfg = Debug|Any CPU
		{428909A3-84E8-4168-94D1-70143293C568}.Debug|Any CPU.Build.0 = Debug|Any CPU
		{428909A3-84E8-4168-94D1-70143293C568}.Release|Any CPU.ActiveCfg = Release|Any CPU
		{428909A3-84E8-4168-94D1-70143293C568}.Release|Any CPU.Build.0 = Release|Any CPU
	EndGlobalSection
	GlobalSection(SolutionProperties) = preSolution
		HideSolutionNode = FALSE
	EndGlobalSection
	GlobalSection(ExtensibilityGlobals) = postSolution
		SolutionGuid = {4364FF06-444F-4865-A303-E5CBE0C1FF73}
	EndGlobalSection
EndGlobal
